{
  "lockfileVersion": 1,
  "configVersion": 1,
  "workspaces": {
    "": {
      "name": "dsocial",
      "dependencies": {
        "genosdb": "0.33.4",
      },
    },
  },
  "packages": {
    "genosdb": ["genosdb@0.33.4", "", {}, "sha512-7owZE484D8D93cTy/uE7oNcB6muZUJYIWo7G2SqqIaQU7ZdWJifeexuZP/rjhelcynp/NCc4BWSVotA1cG/sgw=="],
  }
}
