{
  "lockfileVersion": 1,
  "configVersion": 1,
  "workspaces": {
    "": {
      "name": "dsocial",
      "dependencies": {
        "genosdb": "0.20.0",
      },
    },
  },
  "packages": {
    "genosdb": ["genosdb@0.20.0", "", {}, "sha512-ukzehXkubctHKCoV9Sxag0Q4e7Wk4m8NdpsEaA96IIXUb9TRB1jfXW1/5vidNn0XBc35ufLimExG06ZtwdhW/w=="],
  }
}
