{
  "lockfileVersion": 1,
  "configVersion": 1,
  "workspaces": {
    "": {
      "name": "dsocial",
      "dependencies": {
        "genosdb": "0.17.0",
      },
    },
  },
  "packages": {
    "genosdb": ["genosdb@0.17.0", "", {}, "sha512-AOZJwG3mxNllmmjBjf0MoaIbfRx/9Tt/j5Bb9tPBT4IY8YiP89Fg+fqpU5aQintcjVIwyg1tffGLR/si7MerYQ=="],
  }
}
