lockfileVersion: '6.0'

settings:
  autoInstallPeers: true
  excludeLinksFromLockfile: false

dependencies:
  genosdb:
    specifier: 0.23.0
    version: 0.23.0

packages:

  /genosdb@0.23.0:
    resolution: {integrity: sha512-yKcZUFFgcZEJ/J0BKVy/ysNRcrCEaqLvS9NmpJ5eCZmNwPs+Cl45Xa7CIny++dvByx+vEamNly1+A7NViBna1A==}
    dev: false
