lockfileVersion: '6.0'

settings:
  autoInstallPeers: true
  excludeLinksFromLockfile: false

dependencies:
  genosdb:
    specifier: 0.22.0
    version: 0.22.0

packages:

  /genosdb@0.22.0:
    resolution: {integrity: sha512-6ceawc2k3/ZiKO2JBE8s6/PMGwI3hIh212/OcAYRIKusm7EfJWWWd5w8uSz8vHcDNd3iPmW00SJSVjptC53YHw==}
    engines: {node: 23.x, npm: 11.x}
    dev: false
